// !$*UTF8*$!
{
	archiveVersion = 1;
	classes = {
	};
	objectVersion = 46;
	objects = {

/* Begin PBXBuildFile section */
		D7B18E67174D85BA003E149A /* robotTest.cpp in Sources */ = {isa = PBXBuildFile; fileRef = D7B18E66174D85BA003E149A /* robotTest.cpp */; };
		D7B18E6C174D85CB003E149A /* Frame.cpp in Sources */ = {isa = PBXBuildFile; fileRef = D7B18E68174D85CB003E149A /* Frame.cpp */; };
		D7B18E6D174D85CB003E149A /* Hubo.cpp in Sources */ = {isa = PBXBuildFile; fileRef = D7B18E69174D85CB003E149A /* Hubo.cpp */; };
		D7B18E6E174D85CB003E149A /* Linkage.cpp in Sources */ = {isa = PBXBuildFile; fileRef = D7B18E6A174D85CB003E149A /* Linkage.cpp */; };
		D7B18E6F174D85CB003E149A /* Robot.cpp in Sources */ = {isa = PBXBuildFile; fileRef = D7B18E6B174D85CB003E149A /* Robot.cpp */; };
/* End PBXBuildFile section */

/* Begin PBXCopyFilesBuildPhase section */
		D7B18E53174D8453003E149A /* CopyFiles */ = {
			isa = PBXCopyFilesBuildPhase;
			buildActionMask = 2147483647;
			dstPath = /usr/share/man/man1/;
			dstSubfolderSpec = 0;
			files = (
			);
			runOnlyForDeploymentPostprocessing = 1;
		};
/* End PBXCopyFilesBuildPhase section */

/* Begin PBXFileReference section */
		D7B18E55174D8453003E149A /* robotKin */ = {isa = PBXFileReference; explicitFileType = "compiled.mach-o.executable"; includeInIndex = 0; path = robotKin; sourceTree = BUILT_PRODUCTS_DIR; };
		D7B18E66174D85BA003E149A /* robotTest.cpp */ = {isa = PBXFileReference; fileEncoding = 4; lastKnownFileType = sourcecode.cpp.cpp; name = robotTest.cpp; path = test/robotTest.cpp; sourceTree = "<group>"; };
		D7B18E68174D85CB003E149A /* Frame.cpp */ = {isa = PBXFileReference; fileEncoding = 4; lastKnownFileType = sourcecode.cpp.cpp; name = Frame.cpp; path = src/Frame.cpp; sourceTree = "<group>"; };
		D7B18E69174D85CB003E149A /* Hubo.cpp */ = {isa = PBXFileReference; fileEncoding = 4; lastKnownFileType = sourcecode.cpp.cpp; name = Hubo.cpp; path = src/Hubo.cpp; sourceTree = "<group>"; };
		D7B18E6A174D85CB003E149A /* Linkage.cpp */ = {isa = PBXFileReference; fileEncoding = 4; lastKnownFileType = sourcecode.cpp.cpp; name = Linkage.cpp; path = src/Linkage.cpp; sourceTree = "<group>"; };
		D7B18E6B174D85CB003E149A /* Robot.cpp */ = {isa = PBXFileReference; fileEncoding = 4; lastKnownFileType = sourcecode.cpp.cpp; name = Robot.cpp; path = src/Robot.cpp; sourceTree = "<group>"; };
		D7B18E70174D85E0003E149A /* Frame.h */ = {isa = PBXFileReference; fileEncoding = 4; lastKnownFileType = sourcecode.c.h; name = Frame.h; path = include/Frame.h; sourceTree = "<group>"; };
		D7B18E71174D85E0003E149A /* Hubo.h */ = {isa = PBXFileReference; fileEncoding = 4; lastKnownFileType = sourcecode.c.h; name = Hubo.h; path = include/Hubo.h; sourceTree = "<group>"; };
		D7B18E72174D85E0003E149A /* Linkage.h */ = {isa = PBXFileReference; fileEncoding = 4; lastKnownFileType = sourcecode.c.h; name = Linkage.h; path = include/Linkage.h; sourceTree = "<group>"; };
		D7B18E73174D85E0003E149A /* Robot.h */ = {isa = PBXFileReference; fileEncoding = 4; lastKnownFileType = sourcecode.c.h; name = Robot.h; path = include/Robot.h; sourceTree = "<group>"; };
/* End PBXFileReference section */

/* Begin PBXFrameworksBuildPhase section */
		D7B18E52174D8453003E149A /* Frameworks */ = {
			isa = PBXFrameworksBuildPhase;
			buildActionMask = 2147483647;
			files = (
			);
			runOnlyForDeploymentPostprocessing = 0;
		};
/* End PBXFrameworksBuildPhase section */

/* Begin PBXGroup section */
		D7B18E4C174D8453003E149A = {
			isa = PBXGroup;
			children = (
				D7B18E66174D85BA003E149A /* robotTest.cpp */,
				D7B18E70174D85E0003E149A /* Frame.h */,
				D7B18E68174D85CB003E149A /* Frame.cpp */,
				D7B18E72174D85E0003E149A /* Linkage.h */,
				D7B18E6A174D85CB003E149A /* Linkage.cpp */,
				D7B18E73174D85E0003E149A /* Robot.h */,
				D7B18E6B174D85CB003E149A /* Robot.cpp */,
				D7B18E71174D85E0003E149A /* Hubo.h */,
				D7B18E69174D85CB003E149A /* Hubo.cpp */,
				D7B18E56174D8453003E149A /* Products */,
			);
			sourceTree = "<group>";
		};
		D7B18E56174D8453003E149A /* Products */ = {
			isa = PBXGroup;
			children = (
				D7B18E55174D8453003E149A /* robotKin */,
			);
			name = Products;
			sourceTree = "<group>";
		};
/* End PBXGroup section */

/* Begin PBXNativeTarget section */
		D7B18E54174D8453003E149A /* robotKin */ = {
			isa = PBXNativeTarget;
			buildConfigurationList = D7B18E5E174D8453003E149A /* Build configuration list for PBXNativeTarget "robotKin" */;
			buildPhases = (
				D7B18E51174D8453003E149A /* Sources */,
				D7B18E52174D8453003E149A /* Frameworks */,
				D7B18E53174D8453003E149A /* CopyFiles */,
			);
			buildRules = (
			);
			dependencies = (
			);
			name = robotKin;
			productName = robotKin;
			productReference = D7B18E55174D8453003E149A /* robotKin */;
			productType = "com.apple.product-type.tool";
		};
/* End PBXNativeTarget section */

/* Begin PBXProject section */
		D7B18E4D174D8453003E149A /* Project object */ = {
			isa = PBXProject;
			attributes = {
				LastUpgradeCheck = 0460;
				ORGANIZATIONNAME = "Rowland O'Flaherty";
			};
			buildConfigurationList = D7B18E50174D8453003E149A /* Build configuration list for PBXProject "robotKin" */;
			compatibilityVersion = "Xcode 3.2";
			developmentRegion = English;
			hasScannedForEncodings = 0;
			knownRegions = (
				en,
			);
			mainGroup = D7B18E4C174D8453003E149A;
			productRefGroup = D7B18E56174D8453003E149A /* Products */;
			projectDirPath = "";
			projectRoot = "";
			targets = (
				D7B18E54174D8453003E149A /* robotKin */,
			);
		};
/* End PBXProject section */

/* Begin PBXSourcesBuildPhase section */
		D7B18E51174D8453003E149A /* Sources */ = {
			isa = PBXSourcesBuildPhase;
			buildActionMask = 2147483647;
			files = (
				D7B18E67174D85BA003E149A /* robotTest.cpp in Sources */,
				D7B18E6C174D85CB003E149A /* Frame.cpp in Sources */,
				D7B18E6D174D85CB003E149A /* Hubo.cpp in Sources */,
				D7B18E6E174D85CB003E149A /* Linkage.cpp in Sources */,
				D7B18E6F174D85CB003E149A /* Robot.cpp in Sources */,
			);
			runOnlyForDeploymentPostprocessing = 0;
		};
/* End PBXSourcesBuildPhase section */

/* Begin XCBuildConfiguration section */
		D7B18E5C174D8453003E149A /* Debug */ = {
			isa = XCBuildConfiguration;
			buildSettings = {
				ALWAYS_SEARCH_USER_PATHS = YES;
				ARCHS = "$(ARCHS_STANDARD_64_BIT)";
				CLANG_CXX_LANGUAGE_STANDARD = "gnu++0x";
				CLANG_CXX_LIBRARY = "libc++";
				CLANG_WARN_CONSTANT_CONVERSION = YES;
				CLANG_WARN_EMPTY_BODY = YES;
				CLANG_WARN_ENUM_CONVERSION = YES;
				CLANG_WARN_INT_CONVERSION = YES;
				CLANG_WARN__DUPLICATE_METHOD_MATCH = YES;
				COPY_PHASE_STRIP = NO;
				GCC_C_LANGUAGE_STANDARD = gnu99;
				GCC_DYNAMIC_NO_PIC = NO;
				GCC_ENABLE_OBJC_EXCEPTIONS = YES;
				GCC_OPTIMIZATION_LEVEL = 0;
				GCC_PREPROCESSOR_DEFINITIONS = (
					"DEBUG=1",
					"$(inherited)",
				);
				GCC_SYMBOLS_PRIVATE_EXTERN = NO;
				GCC_WARN_64_TO_32_BIT_CONVERSION = YES;
				GCC_WARN_ABOUT_RETURN_TYPE = YES;
				GCC_WARN_UNINITIALIZED_AUTOS = YES;
				GCC_WARN_UNUSED_VARIABLE = YES;
				MACOSX_DEPLOYMENT_TARGET = 10.8;
				ONLY_ACTIVE_ARCH = YES;
				SDKROOT = macosx;
				USER_HEADER_SEARCH_PATHS = /usr/local/include;
			};
			name = Debug;
		};
		D7B18E5D174D8453003E149A /* Release */ = {
			isa = XCBuildConfiguration;
			buildSettings = {
				ALWAYS_SEARCH_USER_PATHS = YES;
				ARCHS = "$(ARCHS_STANDARD_64_BIT)";
				CLANG_CXX_LANGUAGE_STANDARD = "gnu++0x";
				CLANG_CXX_LIBRARY = "libc++";
				CLANG_WARN_CONSTANT_CONVERSION = YES;
				CLANG_WARN_EMPTY_BODY = YES;
				CLANG_WARN_ENUM_CONVERSION = YES;
				CLANG_WARN_INT_CONVERSION = YES;
				CLANG_WARN__DUPLICATE_METHOD_MATCH = YES;
				COPY_PHASE_STRIP = YES;
				DEBUG_INFORMATION_FORMAT = "dwarf-with-dsym";
				GCC_C_LANGUAGE_STANDARD = gnu99;
				GCC_ENABLE_OBJC_EXCEPTIONS = YES;
				GCC_WARN_64_TO_32_BIT_CONVERSION = YES;
				GCC_WARN_ABOUT_RETURN_TYPE = YES;
				GCC_WARN_UNINITIALIZED_AUTOS = YES;
				GCC_WARN_UNUSED_VARIABLE = YES;
				MACOSX_DEPLOYMENT_TARGET = 10.8;
				SDKROOT = macosx;
				USER_HEADER_SEARCH_PATHS = /usr/local/include;
			};
			name = Release;
		};
		D7B18E5F174D8453003E149A /* Debug */ = {
			isa = XCBuildConfiguration;
			buildSettings = {
				PRODUCT_NAME = "$(TARGET_NAME)";
			};
			name = Debug;
		};
		D7B18E60174D8453003E149A /* Release */ = {
			isa = XCBuildConfiguration;
			buildSettings = {
				PRODUCT_NAME = "$(TARGET_NAME)";
			};
			name = Release;
		};
/* End XCBuildConfiguration section */

/* Begin XCConfigurationList section */
		D7B18E50174D8453003E149A /* Build configuration list for PBXProject "robotKin" */ = {
			isa = XCConfigurationList;
			buildConfigurations = (
				D7B18E5C174D8453003E149A /* Debug */,
				D7B18E5D174D8453003E149A /* Release */,
			);
			defaultConfigurationIsVisible = 0;
			defaultConfigurationName = Release;
		};
		D7B18E5E174D8453003E149A /* Build configuration list for PBXNativeTarget "robotKin" */ = {
			isa = XCConfigurationList;
			buildConfigurations = (
				D7B18E5F174D8453003E149A /* Debug */,
				D7B18E60174D8453003E149A /* Release */,
			);
			defaultConfigurationIsVisible = 0;
		};
/* End XCConfigurationList section */
	};
	rootObject = D7B18E4D174D8453003E149A /* Project object */;
}
